
Microsoft Visual Studio Solution File, Format Version 12.00
# Visual Studio Version 17
VisualStudioVersion = 17.9.34723.18
MinimumVisualStudioVersion = 10.0.40219.1
Project("{FAE04EC0-301F-11D3-BF4B-00C04F79EFBC}") = "RPG-Battle", "RPG-Battle\RPG-Battle.csproj", "{E74892C8-59DE-42FC-B9F9-EA348A1C7174}"
EndProject
Global
	GlobalSection(SolutionConfigurationPlatforms) = preSolution
		Debug|Any CPU = Debug|Any CPU
		Release|Any CPU = Release|Any CPU
	EndGlobalSection
	GlobalSection(ProjectConfigurationPlatforms) = postSolution
		{E74892C8-59DE-42FC-B9F9-EA348A1C7174}.Debug|Any CPU.ActiveCfg = Debug|Any CPU
		{E74892C8-59DE-42FC-B9F9-EA348A1C7174}.Debug|Any CPU.Build.0 = Debug|Any CPU
		{E74892C8-59DE-42FC-B9F9-EA348A1C7174}.Release|Any CPU.ActiveCfg = Release|Any CPU
		{E74892C8-59DE-42FC-B9F9-EA348A1C7174}.Release|Any CPU.Build.0 = Release|Any CPU
	EndGlobalSection
	GlobalSection(SolutionProperties) = preSolution
		HideSolutionNode = FALSE
	EndGlobalSection
	GlobalSection(ExtensibilityGlobals) = postSolution
		SolutionGuid = {22FC9756-ADF2-4692-81E0-5B3C63C2A966}
	EndGlobalSection
EndGlobal
